
Microsoft Visual Studio Solution File, Format Version 12.00
# Visual Studio Version 17
VisualStudioVersion = 17.2.32616.157
MinimumVisualStudioVersion = 10.0.40219.1
Project("{FAE04EC0-301F-11D3-BF4B-00C04F79EFBC}") = "TranslateToPirate", "TranslateToPirate\TranslateToPirate.csproj", "{7E334FB8-5ED1-4510-B764-76D3C9D345CE}"
EndProject
Global
	GlobalSection(SolutionConfigurationPlatforms) = preSolution
		Debug|Any CPU = Debug|Any CPU
		Release|Any CPU = Release|Any CPU
	EndGlobalSection
	GlobalSection(ProjectConfigurationPlatforms) = postSolution
		{7E334FB8-5ED1-4510-B764-76D3C9D345CE}.Debug|Any CPU.ActiveCfg = Debug|Any CPU
		{7E334FB8-5ED1-4510-B764-76D3C9D345CE}.Debug|Any CPU.Build.0 = Debug|Any CPU
		{7E334FB8-5ED1-4510-B764-76D3C9D345CE}.Release|Any CPU.ActiveCfg = Release|Any CPU
		{7E334FB8-5ED1-4510-B764-76D3C9D345CE}.Release|Any CPU.Build.0 = Release|Any CPU
	EndGlobalSection
	GlobalSection(SolutionProperties) = preSolution
		HideSolutionNode = FALSE
	EndGlobalSection
	GlobalSection(ExtensibilityGlobals) = postSolution
		SolutionGuid = {BE1AFADA-8392-4A1D-A8E0-E4D6D2283916}
	EndGlobalSection
EndGlobal
