
Microsoft Visual Studio Solution File, Format Version 12.00
# Visual Studio Version 17
VisualStudioVersion = 17.2.32616.157
MinimumVisualStudioVersion = 10.0.40219.1
Project("{FAE04EC0-301F-11D3-BF4B-00C04F79EFBC}") = "DurableDemo", "DurableDemo\DurableDemo.csproj", "{BF4A4825-1145-4996-BDA2-71C96B86F41F}"
EndProject
Global
	GlobalSection(SolutionConfigurationPlatforms) = preSolution
		Debug|Any CPU = Debug|Any CPU
		Release|Any CPU = Release|Any CPU
	EndGlobalSection
	GlobalSection(ProjectConfigurationPlatforms) = postSolution
		{BF4A4825-1145-4996-BDA2-71C96B86F41F}.Debug|Any CPU.ActiveCfg = Debug|Any CPU
		{BF4A4825-1145-4996-BDA2-71C96B86F41F}.Debug|Any CPU.Build.0 = Debug|Any CPU
		{BF4A4825-1145-4996-BDA2-71C96B86F41F}.Release|Any CPU.ActiveCfg = Release|Any CPU
		{BF4A4825-1145-4996-BDA2-71C96B86F41F}.Release|Any CPU.Build.0 = Release|Any CPU
	EndGlobalSection
	GlobalSection(SolutionProperties) = preSolution
		HideSolutionNode = FALSE
	EndGlobalSection
	GlobalSection(ExtensibilityGlobals) = postSolution
		SolutionGuid = {377DC6ED-FE01-41B2-9573-41C70F42E4F1}
	EndGlobalSection
EndGlobal
