
Microsoft Visual Studio Solution File, Format Version 12.00
# Visual Studio Version 16
VisualStudioVersion = 16.0.30104.148
MinimumVisualStudioVersion = 10.0.40219.1
Project("{9A19103F-16F7-4668-BE54-9A1E7A4F7556}") = "ServiceBusDemo", "ServiceBusDemo\ServiceBusDemo.csproj", "{A085E56C-0C23-46D7-BF1E-464539A978EA}"
EndProject
Global
	GlobalSection(SolutionConfigurationPlatforms) = preSolution
		Debug|Any CPU = Debug|Any CPU
		Release|Any CPU = Release|Any CPU
	EndGlobalSection
	GlobalSection(ProjectConfigurationPlatforms) = postSolution
		{A085E56C-0C23-46D7-BF1E-464539A978EA}.Debug|Any CPU.ActiveCfg = Debug|Any CPU
		{A085E56C-0C23-46D7-BF1E-464539A978EA}.Debug|Any CPU.Build.0 = Debug|Any CPU
		{A085E56C-0C23-46D7-BF1E-464539A978EA}.Release|Any CPU.ActiveCfg = Release|Any CPU
		{A085E56C-0C23-46D7-BF1E-464539A978EA}.Release|Any CPU.Build.0 = Release|Any CPU
	EndGlobalSection
	GlobalSection(SolutionProperties) = preSolution
		HideSolutionNode = FALSE
	EndGlobalSection
	GlobalSection(ExtensibilityGlobals) = postSolution
		SolutionGuid = {5FA3D935-68DA-40ED-99D0-E5AE3BF5FB03}
	EndGlobalSection
EndGlobal
