
Microsoft Visual Studio Solution File, Format Version 12.00
# Visual Studio Version 16
VisualStudioVersion = 16.0.30011.22
MinimumVisualStudioVersion = 10.0.40219.1
Project("{FAE04EC0-301F-11D3-BF4B-00C04F79EFBC}") = "RadisDemo", "RadisDemo.csproj", "{9FF66D28-B7B5-427A-9221-718D18374602}"
EndProject
Global
	GlobalSection(SolutionConfigurationPlatforms) = preSolution
		Debug|Any CPU = Debug|Any CPU
		Release|Any CPU = Release|Any CPU
	EndGlobalSection
	GlobalSection(ProjectConfigurationPlatforms) = postSolution
		{9FF66D28-B7B5-427A-9221-718D18374602}.Debug|Any CPU.ActiveCfg = Debug|Any CPU
		{9FF66D28-B7B5-427A-9221-718D18374602}.Debug|Any CPU.Build.0 = Debug|Any CPU
		{9FF66D28-B7B5-427A-9221-718D18374602}.Release|Any CPU.ActiveCfg = Release|Any CPU
		{9FF66D28-B7B5-427A-9221-718D18374602}.Release|Any CPU.Build.0 = Release|Any CPU
	EndGlobalSection
	GlobalSection(SolutionProperties) = preSolution
		HideSolutionNode = FALSE
	EndGlobalSection
	GlobalSection(ExtensibilityGlobals) = postSolution
		SolutionGuid = {0B201705-D547-45B3-9FB4-70B04666C574}
	EndGlobalSection
EndGlobal
